
Microsoft Visual Studio Solution File, Format Version 12.00
# Visual Studio Version 17
VisualStudioVersion = 17.5.33414.496
MinimumVisualStudioVersion = 10.0.40219.1
Project("{9A19103F-16F7-4668-BE54-9A1E7A4F7556}") = "api-1", "api-1\api-1.csproj", "{B9D5584A-72F0-49DB-ACE3-C7EE96ED7418}"
EndProject
Global
	GlobalSection(SolutionConfigurationPlatforms) = preSolution
		Debug|Any CPU = Debug|Any CPU
		Release|Any CPU = Release|Any CPU
	EndGlobalSection
	GlobalSection(ProjectConfigurationPlatforms) = postSolution
		{B9D5584A-72F0-49DB-ACE3-C7EE96ED7418}.Debug|Any CPU.ActiveCfg = Debug|Any CPU
		{B9D5584A-72F0-49DB-ACE3-C7EE96ED7418}.Debug|Any CPU.Build.0 = Debug|Any CPU
		{B9D5584A-72F0-49DB-ACE3-C7EE96ED7418}.Release|Any CPU.ActiveCfg = Release|Any CPU
		{B9D5584A-72F0-49DB-ACE3-C7EE96ED7418}.Release|Any CPU.Build.0 = Release|Any CPU
	EndGlobalSection
	GlobalSection(SolutionProperties) = preSolution
		HideSolutionNode = FALSE
	EndGlobalSection
	GlobalSection(ExtensibilityGlobals) = postSolution
		SolutionGuid = {1ECCB443-18D3-48F9-860D-CC9E73572834}
	EndGlobalSection
EndGlobal
